// !$*UTF8*$!
{
	archiveVersion = 1;
	classes = {
	};
	objectVersion = 46;
	objects = {

/* Begin PBXBuildFile section */
		AF2073961A0DAEEE00DF98BB /* AKPlayerEditViewController.m in Sources */ = {isa = PBXBuildFile; fileRef = AF2073951A0DAEEE00DF98BB /* AKPlayerEditViewController.m */; };
		AF3A9E7019BAAA6A00975902 /* Foundation.framework in Frameworks */ = {isa = PBXBuildFile; fileRef = AF3A9E6F19BAAA6A00975902 /* Foundation.framework */; };
		AF3A9E7219BAAA6A00975902 /* CoreGraphics.framework in Frameworks */ = {isa = PBXBuildFile; fileRef = AF3A9E7119BAAA6A00975902 /* CoreGraphics.framework */; };
		AF3A9E7419BAAA6A00975902 /* UIKit.framework in Frameworks */ = {isa = PBXBuildFile; fileRef = AF3A9E7319BAAA6A00975902 /* UIKit.framework */; };
		AF3A9E7A19BAAA6A00975902 /* InfoPlist.strings in Resources */ = {isa = PBXBuildFile; fileRef = AF3A9E7819BAAA6A00975902 /* InfoPlist.strings */; };
		AF3A9E7C19BAAA6A00975902 /* main.m in Sources */ = {isa = PBXBuildFile; fileRef = AF3A9E7B19BAAA6A00975902 /* main.m */; };
		AF3A9E8019BAAA6A00975902 /* AKAppDelegate.m in Sources */ = {isa = PBXBuildFile; fileRef = AF3A9E7F19BAAA6A00975902 /* AKAppDelegate.m */; };
		AF3A9E8319BAAA6A00975902 /* Main.storyboard in Resources */ = {isa = PBXBuildFile; fileRef = AF3A9E8119BAAA6A00975902 /* Main.storyboard */; };
		AF3A9E8619BAAA6A00975902 /* AKFirstViewController.m in Sources */ = {isa = PBXBuildFile; fileRef = AF3A9E8519BAAA6A00975902 /* AKFirstViewController.m */; };
		AF3A9E8919BAAA6A00975902 /* AKSecondViewController.m in Sources */ = {isa = PBXBuildFile; fileRef = AF3A9E8819BAAA6A00975902 /* AKSecondViewController.m */; };
		AF3A9E8B19BAAA6A00975902 /* Images.xcassets in Resources */ = {isa = PBXBuildFile; fileRef = AF3A9E8A19BAAA6A00975902 /* Images.xcassets */; };
		AF3A9E9219BAAA6B00975902 /* XCTest.framework in Frameworks */ = {isa = PBXBuildFile; fileRef = AF3A9E9119BAAA6B00975902 /* XCTest.framework */; };
		AF3A9E9319BAAA6B00975902 /* Foundation.framework in Frameworks */ = {isa = PBXBuildFile; fileRef = AF3A9E6F19BAAA6A00975902 /* Foundation.framework */; };
		AF3A9E9419BAAA6B00975902 /* UIKit.framework in Frameworks */ = {isa = PBXBuildFile; fileRef = AF3A9E7319BAAA6A00975902 /* UIKit.framework */; };
		AF3A9E9C19BAAA6B00975902 /* InfoPlist.strings in Resources */ = {isa = PBXBuildFile; fileRef = AF3A9E9A19BAAA6B00975902 /* InfoPlist.strings */; };
		AF3A9E9E19BAAA6B00975902 /* iCoachTests.m in Sources */ = {isa = PBXBuildFile; fileRef = AF3A9E9D19BAAA6B00975902 /* iCoachTests.m */; };
		AF3B2A9719EC52A5004AD9F1 /* Player.m in Sources */ = {isa = PBXBuildFile; fileRef = AF3B2A9619EC52A5004AD9F1 /* Player.m */; };
		AF3B2A9A19EC5F72004AD9F1 /* AKPlayerDetailViewController.m in Sources */ = {isa = PBXBuildFile; fileRef = AF3B2A9919EC5F72004AD9F1 /* AKPlayerDetailViewController.m */; };
/* End PBXBuildFile section */

/* Begin PBXContainerItemProxy section */
		AF3A9E9519BAAA6B00975902 /* PBXContainerItemProxy */ = {
			isa = PBXContainerItemProxy;
			containerPortal = AF3A9E6419BAAA6A00975902 /* Project object */;
			proxyType = 1;
			remoteGlobalIDString = AF3A9E6B19BAAA6A00975902;
			remoteInfo = iCoach;
		};
/* End PBXContainerItemProxy section */

/* Begin PBXFileReference section */
		AF2073941A0DAEEE00DF98BB /* AKPlayerEditViewController.h */ = {isa = PBXFileReference; fileEncoding = 4; lastKnownFileType = sourcecode.c.h; path = AKPlayerEditViewController.h; sourceTree = "<group>"; };
		AF2073951A0DAEEE00DF98BB /* AKPlayerEditViewController.m */ = {isa = PBXFileReference; fileEncoding = 4; lastKnownFileType = sourcecode.c.objc; path = AKPlayerEditViewController.m; sourceTree = "<group>"; };
		AF3A9E6C19BAAA6A00975902 /* iCoach.app */ = {isa = PBXFileReference; explicitFileType = wrapper.application; includeInIndex = 0; path = iCoach.app; sourceTree = BUILT_PRODUCTS_DIR; };
		AF3A9E6F19BAAA6A00975902 /* Foundation.framework */ = {isa = PBXFileReference; lastKnownFileType = wrapper.framework; name = Foundation.framework; path = System/Library/Frameworks/Foundation.framework; sourceTree = SDKROOT; };
		AF3A9E7119BAAA6A00975902 /* CoreGraphics.framework */ = {isa = PBXFileReference; lastKnownFileType = wrapper.framework; name = CoreGraphics.framework; path = System/Library/Frameworks/CoreGraphics.framework; sourceTree = SDKROOT; };
		AF3A9E7319BAAA6A00975902 /* UIKit.framework */ = {isa = PBXFileReference; lastKnownFileType = wrapper.framework; name = UIKit.framework; path = System/Library/Frameworks/UIKit.framework; sourceTree = SDKROOT; };
		AF3A9E7719BAAA6A00975902 /* iCoach-Info.plist */ = {isa = PBXFileReference; lastKnownFileType = text.plist.xml; path = "iCoach-Info.plist"; sourceTree = "<group>"; };
		AF3A9E7919BAAA6A00975902 /* en */ = {isa = PBXFileReference; lastKnownFileType = text.plist.strings; name = en; path = en.lproj/InfoPlist.strings; sourceTree = "<group>"; };
		AF3A9E7B19BAAA6A00975902 /* main.m */ = {isa = PBXFileReference; lastKnownFileType = sourcecode.c.objc; path = main.m; sourceTree = "<group>"; };
		AF3A9E7D19BAAA6A00975902 /* iCoach-Prefix.pch */ = {isa = PBXFileReference; lastKnownFileType = sourcecode.c.h; path = "iCoach-Prefix.pch"; sourceTree = "<group>"; };
		AF3A9E7E19BAAA6A00975902 /* AKAppDelegate.h */ = {isa = PBXFileReference; lastKnownFileType = sourcecode.c.h; path = AKAppDelegate.h; sourceTree = "<group>"; };
		AF3A9E7F19BAAA6A00975902 /* AKAppDelegate.m */ = {isa = PBXFileReference; lastKnownFileType = sourcecode.c.objc; path = AKAppDelegate.m; sourceTree = "<group>"; };
		AF3A9E8219BAAA6A00975902 /* Base */ = {isa = PBXFileReference; lastKnownFileType = file.storyboard; name = Base; path = Base.lproj/Main.storyboard; sourceTree = "<group>"; };
		AF3A9E8419BAAA6A00975902 /* AKFirstViewController.h */ = {isa = PBXFileReference; lastKnownFileType = sourcecode.c.h; path = AKFirstViewController.h; sourceTree = "<group>"; };
		AF3A9E8519BAAA6A00975902 /* AKFirstViewController.m */ = {isa = PBXFileReference; lastKnownFileType = sourcecode.c.objc; path = AKFirstViewController.m; sourceTree = "<group>"; };
		AF3A9E8719BAAA6A00975902 /* AKSecondViewController.h */ = {isa = PBXFileReference; lastKnownFileType = sourcecode.c.h; path = AKSecondViewController.h; sourceTree = "<group>"; };
		AF3A9E8819BAAA6A00975902 /* AKSecondViewController.m */ = {isa = PBXFileReference; lastKnownFileType = sourcecode.c.objc; path = AKSecondViewController.m; sourceTree = "<group>"; };
		AF3A9E8A19BAAA6A00975902 /* Images.xcassets */ = {isa = PBXFileReference; lastKnownFileType = folder.assetcatalog; path = Images.xcassets; sourceTree = "<group>"; };
		AF3A9E9019BAAA6B00975902 /* iCoachTests.xctest */ = {isa = PBXFileReference; explicitFileType = wrapper.cfbundle; includeInIndex = 0; path = iCoachTests.xctest; sourceTree = BUILT_PRODUCTS_DIR; };
		AF3A9E9119BAAA6B00975902 /* XCTest.framework */ = {isa = PBXFileReference; lastKnownFileType = wrapper.framework; name = XCTest.framework; path = Library/Frameworks/XCTest.framework; sourceTree = DEVELOPER_DIR; };
		AF3A9E9919BAAA6B00975902 /* iCoachTests-Info.plist */ = {isa = PBXFileReference; lastKnownFileType = text.plist.xml; path = "iCoachTests-Info.plist"; sourceTree = "<group>"; };
		AF3A9E9B19BAAA6B00975902 /* en */ = {isa = PBXFileReference; lastKnownFileType = text.plist.strings; name = en; path = en.lproj/InfoPlist.strings; sourceTree = "<group>"; };
		AF3A9E9D19BAAA6B00975902 /* iCoachTests.m */ = {isa = PBXFileReference; lastKnownFileType = sourcecode.c.objc; path = iCoachTests.m; sourceTree = "<group>"; };
		AF3B2A9519EC52A5004AD9F1 /* Player.h */ = {isa = PBXFileReference; fileEncoding = 4; lastKnownFileType = sourcecode.c.h; path = Player.h; sourceTree = "<group>"; };
		AF3B2A9619EC52A5004AD9F1 /* Player.m */ = {isa = PBXFileReference; fileEncoding = 4; lastKnownFileType = sourcecode.c.objc; path = Player.m; sourceTree = "<group>"; };
		AF3B2A9819EC5F72004AD9F1 /* AKPlayerDetailViewController.h */ = {isa = PBXFileReference; fileEncoding = 4; lastKnownFileType = sourcecode.c.h; path = AKPlayerDetailViewController.h; sourceTree = "<group>"; };
		AF3B2A9919EC5F72004AD9F1 /* AKPlayerDetailViewController.m */ = {isa = PBXFileReference; fileEncoding = 4; lastKnownFileType = sourcecode.c.objc; path = AKPlayerDetailViewController.m; sourceTree = "<group>"; };
/* End PBXFileReference section */

/* Begin PBXFrameworksBuildPhase section */
		AF3A9E6919BAAA6A00975902 /* Frameworks */ = {
			isa = PBXFrameworksBuildPhase;
			buildActionMask = 2147483647;
			files = (
				AF3A9E7219BAAA6A00975902 /* CoreGraphics.framework in Frameworks */,
				AF3A9E7419BAAA6A00975902 /* UIKit.framework in Frameworks */,
				AF3A9E7019BAAA6A00975902 /* Foundation.framework in Frameworks */,
			);
			runOnlyForDeploymentPostprocessing = 0;
		};
		AF3A9E8D19BAAA6B00975902 /* Frameworks */ = {
			isa = PBXFrameworksBuildPhase;
			buildActionMask = 2147483647;
			files = (
				AF3A9E9219BAAA6B00975902 /* XCTest.framework in Frameworks */,
				AF3A9E9419BAAA6B00975902 /* UIKit.framework in Frameworks */,
				AF3A9E9319BAAA6B00975902 /* Foundation.framework in Frameworks */,
			);
			runOnlyForDeploymentPostprocessing = 0;
		};
/* End PBXFrameworksBuildPhase section */

/* Begin PBXGroup section */
		AF3A9E6319BAAA6A00975902 = {
			isa = PBXGroup;
			children = (
				AF3A9E7519BAAA6A00975902 /* iCoach */,
				AF3A9E9719BAAA6B00975902 /* iCoachTests */,
				AF3A9E6E19BAAA6A00975902 /* Frameworks */,
				AF3A9E6D19BAAA6A00975902 /* Products */,
			);
			sourceTree = "<group>";
		};
		AF3A9E6D19BAAA6A00975902 /* Products */ = {
			isa = PBXGroup;
			children = (
				AF3A9E6C19BAAA6A00975902 /* iCoach.app */,
				AF3A9E9019BAAA6B00975902 /* iCoachTests.xctest */,
			);
			name = Products;
			sourceTree = "<group>";
		};
		AF3A9E6E19BAAA6A00975902 /* Frameworks */ = {
			isa = PBXGroup;
			children = (
				AF3A9E6F19BAAA6A00975902 /* Foundation.framework */,
				AF3A9E7119BAAA6A00975902 /* CoreGraphics.framework */,
				AF3A9E7319BAAA6A00975902 /* UIKit.framework */,
				AF3A9E9119BAAA6B00975902 /* XCTest.framework */,
			);
			name = Frameworks;
			sourceTree = "<group>";
		};
		AF3A9E7519BAAA6A00975902 /* iCoach */ = {
			isa = PBXGroup;
			children = (
				AF3A9E8119BAAA6A00975902 /* Main.storyboard */,
				AF3A9E8419BAAA6A00975902 /* AKFirstViewController.h */,
				AF3A9E8519BAAA6A00975902 /* AKFirstViewController.m */,
				AF3A9E8719BAAA6A00975902 /* AKSecondViewController.h */,
				AF3A9E8819BAAA6A00975902 /* AKSecondViewController.m */,
				AF3B2A9519EC52A5004AD9F1 /* Player.h */,
				AF3B2A9619EC52A5004AD9F1 /* Player.m */,
				AF3B2A9819EC5F72004AD9F1 /* AKPlayerDetailViewController.h */,
				AF3B2A9919EC5F72004AD9F1 /* AKPlayerDetailViewController.m */,
				AF2073941A0DAEEE00DF98BB /* AKPlayerEditViewController.h */,
				AF2073951A0DAEEE00DF98BB /* AKPlayerEditViewController.m */,
				AF3A9E8A19BAAA6A00975902 /* Images.xcassets */,
				AF3A9E7619BAAA6A00975902 /* Supporting Files */,
			);
			path = iCoach;
			sourceTree = "<group>";
		};
		AF3A9E7619BAAA6A00975902 /* Supporting Files */ = {
			isa = PBXGroup;
			children = (
				AF3A9E7E19BAAA6A00975902 /* AKAppDelegate.h */,
				AF3A9E7F19BAAA6A00975902 /* AKAppDelegate.m */,
				AF3A9E7719BAAA6A00975902 /* iCoach-Info.plist */,
				AF3A9E7819BAAA6A00975902 /* InfoPlist.strings */,
				AF3A9E7B19BAAA6A00975902 /* main.m */,
				AF3A9E7D19BAAA6A00975902 /* iCoach-Prefix.pch */,
			);
			name = "Supporting Files";
			sourceTree = "<group>";
		};
		AF3A9E9719BAAA6B00975902 /* iCoachTests */ = {
			isa = PBXGroup;
			children = (
				AF3A9E9D19BAAA6B00975902 /* iCoachTests.m */,
				AF3A9E9819BAAA6B00975902 /* Supporting Files */,
			);
			path = iCoachTests;
			sourceTree = "<group>";
		};
		AF3A9E9819BAAA6B00975902 /* Supporting Files */ = {
			isa = PBXGroup;
			children = (
				AF3A9E9919BAAA6B00975902 /* iCoachTests-Info.plist */,
				AF3A9E9A19BAAA6B00975902 /* InfoPlist.strings */,
			);
			name = "Supporting Files";
			sourceTree = "<group>";
		};
/* End PBXGroup section */

/* Begin PBXNativeTarget section */
		AF3A9E6B19BAAA6A00975902 /* iCoach */ = {
			isa = PBXNativeTarget;
			buildConfigurationList = AF3A9EA119BAAA6B00975902 /* Build configuration list for PBXNativeTarget "iCoach" */;
			buildPhases = (
				AF3A9E6819BAAA6A00975902 /* Sources */,
				AF3A9E6919BAAA6A00975902 /* Frameworks */,
				AF3A9E6A19BAAA6A00975902 /* Resources */,
			);
			buildRules = (
			);
			dependencies = (
			);
			name = iCoach;
			productName = iCoach;
			productReference = AF3A9E6C19BAAA6A00975902 /* iCoach.app */;
			productType = "com.apple.product-type.application";
		};
		AF3A9E8F19BAAA6B00975902 /* iCoachTests */ = {
			isa = PBXNativeTarget;
			buildConfigurationList = AF3A9EA419BAAA6B00975902 /* Build configuration list for PBXNativeTarget "iCoachTests" */;
			buildPhases = (
				AF3A9E8C19BAAA6B00975902 /* Sources */,
				AF3A9E8D19BAAA6B00975902 /* Frameworks */,
				AF3A9E8E19BAAA6B00975902 /* Resources */,
			);
			buildRules = (
			);
			dependencies = (
				AF3A9E9619BAAA6B00975902 /* PBXTargetDependency */,
			);
			name = iCoachTests;
			productName = iCoachTests;
			productReference = AF3A9E9019BAAA6B00975902 /* iCoachTests.xctest */;
			productType = "com.apple.product-type.bundle.unit-test";
		};
/* End PBXNativeTarget section */

/* Begin PBXProject section */
		AF3A9E6419BAAA6A00975902 /* Project object */ = {
			isa = PBXProject;
			attributes = {
				CLASSPREFIX = AK;
				LastUpgradeCheck = 0510;
				ORGANIZATIONNAME = "Amog Kamsetty";
				TargetAttributes = {
					AF3A9E8F19BAAA6B00975902 = {
						TestTargetID = AF3A9E6B19BAAA6A00975902;
					};
				};
			};
			buildConfigurationList = AF3A9E6719BAAA6A00975902 /* Build configuration list for PBXProject "iCoach" */;
			compatibilityVersion = "Xcode 3.2";
			developmentRegion = English;
			hasScannedForEncodings = 0;
			knownRegions = (
				en,
				Base,
			);
			mainGroup = AF3A9E6319BAAA6A00975902;
			productRefGroup = AF3A9E6D19BAAA6A00975902 /* Products */;
			projectDirPath = "";
			projectRoot = "";
			targets = (
				AF3A9E6B19BAAA6A00975902 /* iCoach */,
				AF3A9E8F19BAAA6B00975902 /* iCoachTests */,
			);
		};
/* End PBXProject section */

/* Begin PBXResourcesBuildPhase section */
		AF3A9E6A19BAAA6A00975902 /* Resources */ = {
			isa = PBXResourcesBuildPhase;
			buildActionMask = 2147483647;
			files = (
				AF3A9E8B19BAAA6A00975902 /* Images.xcassets in Resources */,
				AF3A9E7A19BAAA6A00975902 /* InfoPlist.strings in Resources */,
				AF3A9E8319BAAA6A00975902 /* Main.storyboard in Resources */,
			);
			runOnlyForDeploymentPostprocessing = 0;
		};
		AF3A9E8E19BAAA6B00975902 /* Resources */ = {
			isa = PBXResourcesBuildPhase;
			buildActionMask = 2147483647;
			files = (
				AF3A9E9C19BAAA6B00975902 /* InfoPlist.strings in Resources */,
			);
			runOnlyForDeploymentPostprocessing = 0;
		};
/* End PBXResourcesBuildPhase section */

/* Begin PBXSourcesBuildPhase section */
		AF3A9E6819BAAA6A00975902 /* Sources */ = {
			isa = PBXSourcesBuildPhase;
			buildActionMask = 2147483647;
			files = (
				AF3B2A9A19EC5F72004AD9F1 /* AKPlayerDetailViewController.m in Sources */,
				AF3A9E8019BAAA6A00975902 /* AKAppDelegate.m in Sources */,
				AF3A9E8619BAAA6A00975902 /* AKFirstViewController.m in Sources */,
				AF3A9E8919BAAA6A00975902 /* AKSecondViewController.m in Sources */,
				AF3A9E7C19BAAA6A00975902 /* main.m in Sources */,
				AF3B2A9719EC52A5004AD9F1 /* Player.m in Sources */,
				AF2073961A0DAEEE00DF98BB /* AKPlayerEditViewController.m in Sources */,
			);
			runOnlyForDeploymentPostprocessing = 0;
		};
		AF3A9E8C19BAAA6B00975902 /* Sources */ = {
			isa = PBXSourcesBuildPhase;
			buildActionMask = 2147483647;
			files = (
				AF3A9E9E19BAAA6B00975902 /* iCoachTests.m in Sources */,
			);
			runOnlyForDeploymentPostprocessing = 0;
		};
/* End PBXSourcesBuildPhase section */

/* Begin PBXTargetDependency section */
		AF3A9E9619BAAA6B00975902 /* PBXTargetDependency */ = {
			isa = PBXTargetDependency;
			target = AF3A9E6B19BAAA6A00975902 /* iCoach */;
			targetProxy = AF3A9E9519BAAA6B00975902 /* PBXContainerItemProxy */;
		};
/* End PBXTargetDependency section */

/* Begin PBXVariantGroup section */
		AF3A9E7819BAAA6A00975902 /* InfoPlist.strings */ = {
			isa = PBXVariantGroup;
			children = (
				AF3A9E7919BAAA6A00975902 /* en */,
			);
			name = InfoPlist.strings;
			sourceTree = "<group>";
		};
		AF3A9E8119BAAA6A00975902 /* Main.storyboard */ = {
			isa = PBXVariantGroup;
			children = (
				AF3A9E8219BAAA6A00975902 /* Base */,
			);
			name = Main.storyboard;
			sourceTree = "<group>";
		};
		AF3A9E9A19BAAA6B00975902 /* InfoPlist.strings */ = {
			isa = PBXVariantGroup;
			children = (
				AF3A9E9B19BAAA6B00975902 /* en */,
			);
			name = InfoPlist.strings;
			sourceTree = "<group>";
		};
/* End PBXVariantGroup section */

/* Begin XCBuildConfiguration section */
		AF3A9E9F19BAAA6B00975902 /* Debug */ = {
			isa = XCBuildConfiguration;
			buildSettings = {
				ALWAYS_SEARCH_USER_PATHS = NO;
				CLANG_CXX_LANGUAGE_STANDARD = "gnu++0x";
				CLANG_CXX_LIBRARY = "libc++";
				CLANG_ENABLE_MODULES = YES;
				CLANG_ENABLE_OBJC_ARC = YES;
				CLANG_WARN_BOOL_CONVERSION = YES;
				CLANG_WARN_CONSTANT_CONVERSION = YES;
				CLANG_WARN_DIRECT_OBJC_ISA_USAGE = YES_ERROR;
				CLANG_WARN_EMPTY_BODY = YES;
				CLANG_WARN_ENUM_CONVERSION = YES;
				CLANG_WARN_INT_CONVERSION = YES;
				CLANG_WARN_OBJC_ROOT_CLASS = YES_ERROR;
				CLANG_WARN__DUPLICATE_METHOD_MATCH = YES;
				"CODE_SIGN_IDENTITY[sdk=iphoneos*]" = "iPhone Developer";
				COPY_PHASE_STRIP = NO;
				GCC_C_LANGUAGE_STANDARD = gnu99;
				GCC_DYNAMIC_NO_PIC = NO;
				GCC_OPTIMIZATION_LEVEL = 0;
				GCC_PREPROCESSOR_DEFINITIONS = (
					"DEBUG=1",
					"$(inherited)",
				);
				GCC_SYMBOLS_PRIVATE_EXTERN = NO;
				GCC_WARN_64_TO_32_BIT_CONVERSION = YES;
				GCC_WARN_ABOUT_RETURN_TYPE = YES_ERROR;
				GCC_WARN_UNDECLARED_SELECTOR = YES;
				GCC_WARN_UNINITIALIZED_AUTOS = YES_AGGRESSIVE;
				GCC_WARN_UNUSED_FUNCTION = YES;
				GCC_WARN_UNUSED_VARIABLE = YES;
				IPHONEOS_DEPLOYMENT_TARGET = 7.1;
				ONLY_ACTIVE_ARCH = YES;
				SDKROOT = iphoneos;
			};
			name = Debug;
		};
		AF3A9EA019BAAA6B00975902 /* Release */ = {
			isa = XCBuildConfiguration;
			buildSettings = {
				ALWAYS_SEARCH_USER_PATHS = NO;
				CLANG_CXX_LANGUAGE_STANDARD = "gnu++0x";
				CLANG_CXX_LIBRARY = "libc++";
				CLANG_ENABLE_MODULES = YES;
				CLANG_ENABLE_OBJC_ARC = YES;
				CLANG_WARN_BOOL_CONVERSION = YES;
				CLANG_WARN_CONSTANT_CONVERSION = YES;
				CLANG_WARN_DIRECT_OBJC_ISA_USAGE = YES_ERROR;
				CLANG_WARN_EMPTY_BODY = YES;
				CLANG_WARN_ENUM_CONVERSION = YES;
				CLANG_WARN_INT_CONVERSION = YES;
				CLANG_WARN_OBJC_ROOT_CLASS = YES_ERROR;
				CLANG_WARN__DUPLICATE_METHOD_MATCH = YES;
				"CODE_SIGN_IDENTITY[sdk=iphoneos*]" = "iPhone Developer";
				COPY_PHASE_STRIP = YES;
				ENABLE_NS_ASSERTIONS = NO;
				GCC_C_LANGUAGE_STANDARD = gnu99;
				GCC_WARN_64_TO_32_BIT_CONVERSION = YES;
				GCC_WARN_ABOUT_RETURN_TYPE = YES_ERROR;
				GCC_WARN_UNDECLARED_SELECTOR = YES;
				GCC_WARN_UNINITIALIZED_AUTOS = YES_AGGRESSIVE;
				GCC_WARN_UNUSED_FUNCTION = YES;
				GCC_WARN_UNUSED_VARIABLE = YES;
				IPHONEOS_DEPLOYMENT_TARGET = 7.1;
				SDKROOT = iphoneos;
				VALIDATE_PRODUCT = YES;
			};
			name = Release;
		};
		AF3A9EA219BAAA6B00975902 /* Debug */ = {
			isa = XCBuildConfiguration;
			buildSettings = {
				ASSETCATALOG_COMPILER_APPICON_NAME = AppIcon;
				ASSETCATALOG_COMPILER_LAUNCHIMAGE_NAME = LaunchImage;
				GCC_PRECOMPILE_PREFIX_HEADER = YES;
				GCC_PREFIX_HEADER = "iCoach/iCoach-Prefix.pch";
				INFOPLIST_FILE = "iCoach/iCoach-Info.plist";
				PRODUCT_NAME = "$(TARGET_NAME)";
				WRAPPER_EXTENSION = app;
			};
			name = Debug;
		};
		AF3A9EA319BAAA6B00975902 /* Release */ = {
			isa = XCBuildConfiguration;
			buildSettings = {
				ASSETCATALOG_COMPILER_APPICON_NAME = AppIcon;
				ASSETCATALOG_COMPILER_LAUNCHIMAGE_NAME = LaunchImage;
				GCC_PRECOMPILE_PREFIX_HEADER = YES;
				GCC_PREFIX_HEADER = "iCoach/iCoach-Prefix.pch";
				INFOPLIST_FILE = "iCoach/iCoach-Info.plist";
				PRODUCT_NAME = "$(TARGET_NAME)";
				WRAPPER_EXTENSION = app;
			};
			name = Release;
		};
		AF3A9EA519BAAA6B00975902 /* Debug */ = {
			isa = XCBuildConfiguration;
			buildSettings = {
				BUNDLE_LOADER = "$(BUILT_PRODUCTS_DIR)/iCoach.app/iCoach";
				FRAMEWORK_SEARCH_PATHS = (
					"$(SDKROOT)/Developer/Library/Frameworks",
					"$(inherited)",
					"$(DEVELOPER_FRAMEWORKS_DIR)",
				);
				GCC_PRECOMPILE_PREFIX_HEADER = YES;
				GCC_PREFIX_HEADER = "iCoach/iCoach-Prefix.pch";
				GCC_PREPROCESSOR_DEFINITIONS = (
					"DEBUG=1",
					"$(inherited)",
				);
				INFOPLIST_FILE = "iCoachTests/iCoachTests-Info.plist";
				PRODUCT_NAME = "$(TARGET_NAME)";
				TEST_HOST = "$(BUNDLE_LOADER)";
				WRAPPER_EXTENSION = xctest;
			};
			name = Debug;
		};
		AF3A9EA619BAAA6B00975902 /* Release */ = {
			isa = XCBuildConfiguration;
			buildSettings = {
				BUNDLE_LOADER = "$(BUILT_PRODUCTS_DIR)/iCoach.app/iCoach";
				FRAMEWORK_SEARCH_PATHS = (
					"$(SDKROOT)/Developer/Library/Frameworks",
					"$(inherited)",
					"$(DEVELOPER_FRAMEWORKS_DIR)",
				);
				GCC_PRECOMPILE_PREFIX_HEADER = YES;
				GCC_PREFIX_HEADER = "iCoach/iCoach-Prefix.pch";
				INFOPLIST_FILE = "iCoachTests/iCoachTests-Info.plist";
				PRODUCT_NAME = "$(TARGET_NAME)";
				TEST_HOST = "$(BUNDLE_LOADER)";
				WRAPPER_EXTENSION = xctest;
			};
			name = Release;
		};
/* End XCBuildConfiguration section */

/* Begin XCConfigurationList section */
		AF3A9E6719BAAA6A00975902 /* Build configuration list for PBXProject "iCoach" */ = {
			isa = XCConfigurationList;
			buildConfigurations = (
				AF3A9E9F19BAAA6B00975902 /* Debug */,
				AF3A9EA019BAAA6B00975902 /* Release */,
			);
			defaultConfigurationIsVisible = 0;
			defaultConfigurationName = Release;
		};
		AF3A9EA119BAAA6B00975902 /* Build configuration list for PBXNativeTarget "iCoach" */ = {
			isa = XCConfigurationList;
			buildConfigurations = (
				AF3A9EA219BAAA6B00975902 /* Debug */,
				AF3A9EA319BAAA6B00975902 /* Release */,
			);
			defaultConfigurationIsVisible = 0;
			defaultConfigurationName = Release;
		};
		AF3A9EA419BAAA6B00975902 /* Build configuration list for PBXNativeTarget "iCoachTests" */ = {
			isa = XCConfigurationList;
			buildConfigurations = (
				AF3A9EA519BAAA6B00975902 /* Debug */,
				AF3A9EA619BAAA6B00975902 /* Release */,
			);
			defaultConfigurationIsVisible = 0;
			defaultConfigurationName = Release;
		};
/* End XCConfigurationList section */
	};
	rootObject = AF3A9E6419BAAA6A00975902 /* Project object */;
}
